
Microsoft Visual Studio Solution File, Format Version 12.00
# Visual Studio 15
Project("{FAE04EC0-301F-11D3-BF4B-00C04F79EFBC}") = "1400-first-conversion", "1400-first-conversion\1400-first-conversion.csproj", "{19E109F9-429D-422A-98B5-DE09EA601931}"
EndProject
Global
	GlobalSection(SolutionConfigurationPlatforms) = preSolution
		Debug|Any CPU = Debug|Any CPU
		Release|Any CPU = Release|Any CPU
	EndGlobalSection
	GlobalSection(ProjectConfigurationPlatforms) = postSolution
		{19E109F9-429D-422A-98B5-DE09EA601931}.Debug|Any CPU.ActiveCfg = Debug|Any CPU
		{19E109F9-429D-422A-98B5-DE09EA601931}.Debug|Any CPU.Build.0 = Debug|Any CPU
		{19E109F9-429D-422A-98B5-DE09EA601931}.Release|Any CPU.ActiveCfg = Release|Any CPU
		{19E109F9-429D-422A-98B5-DE09EA601931}.Release|Any CPU.Build.0 = Release|Any CPU
	EndGlobalSection
EndGlobal
